
Microsoft Visual Studio Solution File, Format Version 12.00
# Visual Studio Version 16
VisualStudioVersion = 16.0.29709.97
MinimumVisualStudioVersion = 10.0.40219.1
Project("{FAE04EC0-301F-11D3-BF4B-00C04F79EFBC}") = "LearningRestAPI", "LearningRestAPI.csproj", "{A5F5FE3B-719F-42F7-B5CA-793053084226}"
EndProject
Global
	GlobalSection(SolutionConfigurationPlatforms) = preSolution
		Debug|Any CPU = Debug|Any CPU
		Release|Any CPU = Release|Any CPU
	EndGlobalSection
	GlobalSection(ProjectConfigurationPlatforms) = postSolution
		{A5F5FE3B-719F-42F7-B5CA-793053084226}.Debug|Any CPU.ActiveCfg = Debug|Any CPU
		{A5F5FE3B-719F-42F7-B5CA-793053084226}.Debug|Any CPU.Build.0 = Debug|Any CPU
		{A5F5FE3B-719F-42F7-B5CA-793053084226}.Release|Any CPU.ActiveCfg = Release|Any CPU
		{A5F5FE3B-719F-42F7-B5CA-793053084226}.Release|Any CPU.Build.0 = Release|Any CPU
	EndGlobalSection
	GlobalSection(SolutionProperties) = preSolution
		HideSolutionNode = FALSE
	EndGlobalSection
	GlobalSection(ExtensibilityGlobals) = postSolution
		SolutionGuid = {C5BC5B50-FD11-461E-8998-8474FE74B370}
	EndGlobalSection
EndGlobal
