
Microsoft Visual Studio Solution File, Format Version 12.00
# Visual Studio Version 16
VisualStudioVersion = 16.0.29709.97
MinimumVisualStudioVersion = 10.0.40219.1
Project("{FAE04EC0-301F-11D3-BF4B-00C04F79EFBC}") = "LearningNull", "LearningNull.csproj", "{C23A092E-B688-4B43-B7A5-182DE3DCC0E1}"
EndProject
Global
	GlobalSection(SolutionConfigurationPlatforms) = preSolution
		Debug|Any CPU = Debug|Any CPU
		Release|Any CPU = Release|Any CPU
	EndGlobalSection
	GlobalSection(ProjectConfigurationPlatforms) = postSolution
		{C23A092E-B688-4B43-B7A5-182DE3DCC0E1}.Debug|Any CPU.ActiveCfg = Debug|Any CPU
		{C23A092E-B688-4B43-B7A5-182DE3DCC0E1}.Debug|Any CPU.Build.0 = Debug|Any CPU
		{C23A092E-B688-4B43-B7A5-182DE3DCC0E1}.Release|Any CPU.ActiveCfg = Release|Any CPU
		{C23A092E-B688-4B43-B7A5-182DE3DCC0E1}.Release|Any CPU.Build.0 = Release|Any CPU
	EndGlobalSection
	GlobalSection(SolutionProperties) = preSolution
		HideSolutionNode = FALSE
	EndGlobalSection
	GlobalSection(ExtensibilityGlobals) = postSolution
		SolutionGuid = {7D301D76-1B65-491C-A048-EF124BFB5B07}
	EndGlobalSection
EndGlobal
