
Microsoft Visual Studio Solution File, Format Version 12.00
# Visual Studio Version 16
VisualStudioVersion = 16.0.30204.135
MinimumVisualStudioVersion = 10.0.40219.1
Project("{FAE04EC0-301F-11D3-BF4B-00C04F79EFBC}") = "LearningInterfaces", "LearningInterfaces.csproj", "{85D8F834-80C1-4AB1-A010-93DA00A844FE}"
EndProject
Global
	GlobalSection(SolutionConfigurationPlatforms) = preSolution
		Debug|Any CPU = Debug|Any CPU
		Release|Any CPU = Release|Any CPU
	EndGlobalSection
	GlobalSection(ProjectConfigurationPlatforms) = postSolution
		{85D8F834-80C1-4AB1-A010-93DA00A844FE}.Debug|Any CPU.ActiveCfg = Debug|Any CPU
		{85D8F834-80C1-4AB1-A010-93DA00A844FE}.Debug|Any CPU.Build.0 = Debug|Any CPU
		{85D8F834-80C1-4AB1-A010-93DA00A844FE}.Release|Any CPU.ActiveCfg = Release|Any CPU
		{85D8F834-80C1-4AB1-A010-93DA00A844FE}.Release|Any CPU.Build.0 = Release|Any CPU
	EndGlobalSection
	GlobalSection(SolutionProperties) = preSolution
		HideSolutionNode = FALSE
	EndGlobalSection
	GlobalSection(ExtensibilityGlobals) = postSolution
		SolutionGuid = {BE8824F1-782D-49D2-AB5D-12905AFE5C07}
	EndGlobalSection
EndGlobal
